
Microsoft Visual Studio Solution File, Format Version 12.00
# Visual Studio Version 16
VisualStudioVersion = 16.0.31005.135
MinimumVisualStudioVersion = 10.0.40219.1
Project("{FAE04EC0-301F-11D3-BF4B-00C04F79EFBC}") = "WebUI", "WebUI\WebUI.csproj", "{246650C7-8DD7-4F85-9151-A735E83F8EA8}"
EndProject
Global
	GlobalSection(SolutionConfigurationPlatforms) = preSolution
		Debug|Any CPU = Debug|Any CPU
		Release|Any CPU = Release|Any CPU
	EndGlobalSection
	GlobalSection(ProjectConfigurationPlatforms) = postSolution
		{246650C7-8DD7-4F85-9151-A735E83F8EA8}.Debug|Any CPU.ActiveCfg = Debug|Any CPU
		{246650C7-8DD7-4F85-9151-A735E83F8EA8}.Debug|Any CPU.Build.0 = Debug|Any CPU
		{246650C7-8DD7-4F85-9151-A735E83F8EA8}.Release|Any CPU.ActiveCfg = Release|Any CPU
		{246650C7-8DD7-4F85-9151-A735E83F8EA8}.Release|Any CPU.Build.0 = Release|Any CPU
	EndGlobalSection
	GlobalSection(SolutionProperties) = preSolution
		HideSolutionNode = FALSE
	EndGlobalSection
	GlobalSection(ExtensibilityGlobals) = postSolution
		SolutionGuid = {43135F0D-D83D-45C2-BE75-B1C0BAE8A4CA}
	EndGlobalSection
EndGlobal
